// !$*UTF8*$!
{
	archiveVersion = 1;
	classes = {
	};
	objectVersion = 50;
	objects = {

/* Begin PBXBuildFile section */
		22B73983252E43EE0005E88B /* AppDelegate.swift in Sources */ = {isa = PBXBuildFile; fileRef = 22B73982252E43EE0005E88B /* AppDelegate.swift */; };
		22B73985252E43EE0005E88B /* SceneDelegate.swift in Sources */ = {isa = PBXBuildFile; fileRef = 22B73984252E43EE0005E88B /* SceneDelegate.swift */; };
		22B73987252E43EE0005E88B /* ViewController.swift in Sources */ = {isa = PBXBuildFile; fileRef = 22B73986252E43EE0005E88B /* ViewController.swift */; };
		22B7398A252E43EE0005E88B /* Main.storyboard in Resources */ = {isa = PBXBuildFile; fileRef = 22B73988252E43EE0005E88B /* Main.storyboard */; };
		22B7398C252E43F50005E88B /* Assets.xcassets in Resources */ = {isa = PBXBuildFile; fileRef = 22B7398B252E43F50005E88B /* Assets.xcassets */; };
		22B7398F252E43F50005E88B /* LaunchScreen.storyboard in Resources */ = {isa = PBXBuildFile; fileRef = 22B7398D252E43F50005E88B /* LaunchScreen.storyboard */; };
		340E2A7F0B0B9F1C7D6F3680 /* Pods_OnlyOfficeTest.framework in Frameworks */ = {isa = PBXBuildFile; fileRef = 95B4D3A954A801AA92316D10 /* Pods_OnlyOfficeTest.framework */; };
/* End PBXBuildFile section */

/* Begin PBXFileReference section */
		22B7397F252E43EE0005E88B /* OnlyOfficeTest.app */ = {isa = PBXFileReference; explicitFileType = wrapper.application; includeInIndex = 0; path = OnlyOfficeTest.app; sourceTree = BUILT_PRODUCTS_DIR; };
		22B73982252E43EE0005E88B /* AppDelegate.swift */ = {isa = PBXFileReference; lastKnownFileType = sourcecode.swift; path = AppDelegate.swift; sourceTree = "<group>"; };
		22B73984252E43EE0005E88B /* SceneDelegate.swift */ = {isa = PBXFileReference; lastKnownFileType = sourcecode.swift; path = SceneDelegate.swift; sourceTree = "<group>"; };
		22B73986252E43EE0005E88B /* ViewController.swift */ = {isa = PBXFileReference; lastKnownFileType = sourcecode.swift; path = ViewController.swift; sourceTree = "<group>"; };
		22B73989252E43EE0005E88B /* Base */ = {isa = PBXFileReference; lastKnownFileType = file.storyboard; name = Base; path = Base.lproj/Main.storyboard; sourceTree = "<group>"; };
		22B7398B252E43F50005E88B /* Assets.xcassets */ = {isa = PBXFileReference; lastKnownFileType = folder.assetcatalog; path = Assets.xcassets; sourceTree = "<group>"; };
		22B7398E252E43F50005E88B /* Base */ = {isa = PBXFileReference; lastKnownFileType = file.storyboard; name = Base; path = Base.lproj/LaunchScreen.storyboard; sourceTree = "<group>"; };
		22B73990252E43F50005E88B /* Info.plist */ = {isa = PBXFileReference; lastKnownFileType = text.plist.xml; path = Info.plist; sourceTree = "<group>"; };
		2FB94594FE42CEE066A3A5EF /* Pods-OnlyOfficeTest.debug.xcconfig */ = {isa = PBXFileReference; includeInIndex = 1; lastKnownFileType = text.xcconfig; name = "Pods-OnlyOfficeTest.debug.xcconfig"; path = "Target Support Files/Pods-OnlyOfficeTest/Pods-OnlyOfficeTest.debug.xcconfig"; sourceTree = "<group>"; };
		95B4D3A954A801AA92316D10 /* Pods_OnlyOfficeTest.framework */ = {isa = PBXFileReference; explicitFileType = wrapper.framework; includeInIndex = 0; path = Pods_OnlyOfficeTest.framework; sourceTree = BUILT_PRODUCTS_DIR; };
		D48843AFA7F3ADCE680F5202 /* Pods-OnlyOfficeTest.release.xcconfig */ = {isa = PBXFileReference; includeInIndex = 1; lastKnownFileType = text.xcconfig; name = "Pods-OnlyOfficeTest.release.xcconfig"; path = "Target Support Files/Pods-OnlyOfficeTest/Pods-OnlyOfficeTest.release.xcconfig"; sourceTree = "<group>"; };
/* End PBXFileReference section */

/* Begin PBXFrameworksBuildPhase section */
		22B7397C252E43EE0005E88B /* Frameworks */ = {
			isa = PBXFrameworksBuildPhase;
			buildActionMask = 2147483647;
			files = (
				340E2A7F0B0B9F1C7D6F3680 /* Pods_OnlyOfficeTest.framework in Frameworks */,
			);
			runOnlyForDeploymentPostprocessing = 0;
		};
/* End PBXFrameworksBuildPhase section */

/* Begin PBXGroup section */
		22B73976252E43EE0005E88B = {
			isa = PBXGroup;
			children = (
				22B73981252E43EE0005E88B /* OnlyOfficeTest */,
				22B73980252E43EE0005E88B /* Products */,
				B26C0F631B01A1D1F58D4093 /* Pods */,
				934D75F90CC64E21110D56D9 /* Frameworks */,
			);
			sourceTree = "<group>";
		};
		22B73980252E43EE0005E88B /* Products */ = {
			isa = PBXGroup;
			children = (
				22B7397F252E43EE0005E88B /* OnlyOfficeTest.app */,
			);
			name = Products;
			sourceTree = "<group>";
		};
		22B73981252E43EE0005E88B /* OnlyOfficeTest */ = {
			isa = PBXGroup;
			children = (
				22B73982252E43EE0005E88B /* AppDelegate.swift */,
				22B73984252E43EE0005E88B /* SceneDelegate.swift */,
				22B73986252E43EE0005E88B /* ViewController.swift */,
				22B73988252E43EE0005E88B /* Main.storyboard */,
				22B7398B252E43F50005E88B /* Assets.xcassets */,
				22B7398D252E43F50005E88B /* LaunchScreen.storyboard */,
				22B73990252E43F50005E88B /* Info.plist */,
			);
			path = OnlyOfficeTest;
			sourceTree = "<group>";
		};
		934D75F90CC64E21110D56D9 /* Frameworks */ = {
			isa = PBXGroup;
			children = (
				95B4D3A954A801AA92316D10 /* Pods_OnlyOfficeTest.framework */,
			);
			name = Frameworks;
			sourceTree = "<group>";
		};
		B26C0F631B01A1D1F58D4093 /* Pods */ = {
			isa = PBXGroup;
			children = (
				2FB94594FE42CEE066A3A5EF /* Pods-OnlyOfficeTest.debug.xcconfig */,
				D48843AFA7F3ADCE680F5202 /* Pods-OnlyOfficeTest.release.xcconfig */,
			);
			name = Pods;
			path = Pods;
			sourceTree = "<group>";
		};
/* End PBXGroup section */

/* Begin PBXNativeTarget section */
		22B7397E252E43EE0005E88B /* OnlyOfficeTest */ = {
			isa = PBXNativeTarget;
			buildConfigurationList = 22B73993252E43F50005E88B /* Build configuration list for PBXNativeTarget "OnlyOfficeTest" */;
			buildPhases = (
				0875F8EC634200969A82F1B9 /* [CP] Check Pods Manifest.lock */,
				22B7397B252E43EE0005E88B /* Sources */,
				22B7397C252E43EE0005E88B /* Frameworks */,
				22B7397D252E43EE0005E88B /* Resources */,
				415E8010FA4E427D5A92837D /* [CP] Embed Pods Frameworks */,
			);
			buildRules = (
			);
			dependencies = (
			);
			name = OnlyOfficeTest;
			productName = OnlyOfficeTest;
			productReference = 22B7397F252E43EE0005E88B /* OnlyOfficeTest.app */;
			productType = "com.apple.product-type.application";
		};
/* End PBXNativeTarget section */

/* Begin PBXProject section */
		22B73977252E43EE0005E88B /* Project object */ = {
			isa = PBXProject;
			attributes = {
				LastSwiftUpdateCheck = 1170;
				LastUpgradeCheck = 1170;
				ORGANIZATIONNAME = "Мария Матичина";
				TargetAttributes = {
					22B7397E252E43EE0005E88B = {
						CreatedOnToolsVersion = 11.7;
					};
				};
			};
			buildConfigurationList = 22B7397A252E43EE0005E88B /* Build configuration list for PBXProject "OnlyOfficeTest" */;
			compatibilityVersion = "Xcode 9.3";
			developmentRegion = en;
			hasScannedForEncodings = 0;
			knownRegions = (
				en,
				Base,
			);
			mainGroup = 22B73976252E43EE0005E88B;
			productRefGroup = 22B73980252E43EE0005E88B /* Products */;
			projectDirPath = "";
			projectRoot = "";
			targets = (
				22B7397E252E43EE0005E88B /* OnlyOfficeTest */,
			);
		};
/* End PBXProject section */

/* Begin PBXResourcesBuildPhase section */
		22B7397D252E43EE0005E88B /* Resources */ = {
			isa = PBXResourcesBuildPhase;
			buildActionMask = 2147483647;
			files = (
				22B7398F252E43F50005E88B /* LaunchScreen.storyboard in Resources */,
				22B7398C252E43F50005E88B /* Assets.xcassets in Resources */,
				22B7398A252E43EE0005E88B /* Main.storyboard in Resources */,
			);
			runOnlyForDeploymentPostprocessing = 0;
		};
/* End PBXResourcesBuildPhase section */

/* Begin PBXShellScriptBuildPhase section */
		0875F8EC634200969A82F1B9 /* [CP] Check Pods Manifest.lock */ = {
			isa = PBXShellScriptBuildPhase;
			buildActionMask = 2147483647;
			files = (
			);
			inputFileListPaths = (
			);
			inputPaths = (
				"${PODS_PODFILE_DIR_PATH}/Podfile.lock",
				"${PODS_ROOT}/Manifest.lock",
			);
			name = "[CP] Check Pods Manifest.lock";
			outputFileListPaths = (
			);
			outputPaths = (
				"$(DERIVED_FILE_DIR)/Pods-OnlyOfficeTest-checkManifestLockResult.txt",
			);
			runOnlyForDeploymentPostprocessing = 0;
			shellPath = /bin/sh;
			shellScript = "diff \"${PODS_PODFILE_DIR_PATH}/Podfile.lock\" \"${PODS_ROOT}/Manifest.lock\" > /dev/null\nif [ $? != 0 ] ; then\n    # print error to STDERR\n    echo \"error: The sandbox is not in sync with the Podfile.lock. Run 'pod install' or update your CocoaPods installation.\" >&2\n    exit 1\nfi\n# This output is used by Xcode 'outputs' to avoid re-running this script phase.\necho \"SUCCESS\" > \"${SCRIPT_OUTPUT_FILE_0}\"\n";
			showEnvVarsInLog = 0;
		};
		415E8010FA4E427D5A92837D /* [CP] Embed Pods Frameworks */ = {
			isa = PBXShellScriptBuildPhase;
			buildActionMask = 2147483647;
			files = (
			);
			inputFileListPaths = (
				"${PODS_ROOT}/Target Support Files/Pods-OnlyOfficeTest/Pods-OnlyOfficeTest-frameworks-${CONFIGURATION}-input-files.xcfilelist",
			);
			name = "[CP] Embed Pods Frameworks";
			outputFileListPaths = (
				"${PODS_ROOT}/Target Support Files/Pods-OnlyOfficeTest/Pods-OnlyOfficeTest-frameworks-${CONFIGURATION}-output-files.xcfilelist",
			);
			runOnlyForDeploymentPostprocessing = 0;
			shellPath = /bin/sh;
			shellScript = "\"${PODS_ROOT}/Target Support Files/Pods-OnlyOfficeTest/Pods-OnlyOfficeTest-frameworks.sh\"\n";
			showEnvVarsInLog = 0;
		};
/* End PBXShellScriptBuildPhase section */

/* Begin PBXSourcesBuildPhase section */
		22B7397B252E43EE0005E88B /* Sources */ = {
			isa = PBXSourcesBuildPhase;
			buildActionMask = 2147483647;
			files = (
				22B73987252E43EE0005E88B /* ViewController.swift in Sources */,
				22B73983252E43EE0005E88B /* AppDelegate.swift in Sources */,
				22B73985252E43EE0005E88B /* SceneDelegate.swift in Sources */,
			);
			runOnlyForDeploymentPostprocessing = 0;
		};
/* End PBXSourcesBuildPhase section */

/* Begin PBXVariantGroup section */
		22B73988252E43EE0005E88B /* Main.storyboard */ = {
			isa = PBXVariantGroup;
			children = (
				22B73989252E43EE0005E88B /* Base */,
			);
			name = Main.storyboard;
			sourceTree = "<group>";
		};
		22B7398D252E43F50005E88B /* LaunchScreen.storyboard */ = {
			isa = PBXVariantGroup;
			children = (
				22B7398E252E43F50005E88B /* Base */,
			);
			name = LaunchScreen.storyboard;
			sourceTree = "<group>";
		};
/* End PBXVariantGroup section */

/* Begin XCBuildConfiguration section */
		22B73991252E43F50005E88B /* Debug */ = {
			isa = XCBuildConfiguration;
			buildSettings = {
				ALWAYS_SEARCH_USER_PATHS = NO;
				CLANG_ANALYZER_NONNULL = YES;
				CLANG_ANALYZER_NUMBER_OBJECT_CONVERSION = YES_AGGRESSIVE;
				CLANG_CXX_LANGUAGE_STANDARD = "gnu++14";
				CLANG_CXX_LIBRARY = "libc++";
				CLANG_ENABLE_MODULES = YES;
				CLANG_ENABLE_OBJC_ARC = YES;
				CLANG_ENABLE_OBJC_WEAK = YES;
				CLANG_WARN_BLOCK_CAPTURE_AUTORELEASING = YES;
				CLANG_WARN_BOOL_CONVERSION = YES;
				CLANG_WARN_COMMA = YES;
				CLANG_WARN_CONSTANT_CONVERSION = YES;
				CLANG_WARN_DEPRECATED_OBJC_IMPLEMENTATIONS = YES;
				CLANG_WARN_DIRECT_OBJC_ISA_USAGE = YES_ERROR;
				CLANG_WARN_DOCUMENTATION_COMMENTS = YES;
				CLANG_WARN_EMPTY_BODY = YES;
				CLANG_WARN_ENUM_CONVERSION = YES;
				CLANG_WARN_INFINITE_RECURSION = YES;
				CLANG_WARN_INT_CONVERSION = YES;
				CLANG_WARN_NON_LITERAL_NULL_CONVERSION = YES;
				CLANG_WARN_OBJC_IMPLICIT_RETAIN_SELF = YES;
				CLANG_WARN_OBJC_LITERAL_CONVERSION = YES;
				CLANG_WARN_OBJC_ROOT_CLASS = YES_ERROR;
				CLANG_WARN_RANGE_LOOP_ANALYSIS = YES;
				CLANG_WARN_STRICT_PROTOTYPES = YES;
				CLANG_WARN_SUSPICIOUS_MOVE = YES;
				CLANG_WARN_UNGUARDED_AVAILABILITY = YES_AGGRESSIVE;
				CLANG_WARN_UNREACHABLE_CODE = YES;
				CLANG_WARN__DUPLICATE_METHOD_MATCH = YES;
				COPY_PHASE_STRIP = NO;
				DEBUG_INFORMATION_FORMAT = dwarf;
				ENABLE_STRICT_OBJC_MSGSEND = YES;
				ENABLE_TESTABILITY = YES;
				GCC_C_LANGUAGE_STANDARD = gnu11;
				GCC_DYNAMIC_NO_PIC = NO;
				GCC_NO_COMMON_BLOCKS = YES;
				GCC_OPTIMIZATION_LEVEL = 0;
				GCC_PREPROCESSOR_DEFINITIONS = (
					"DEBUG=1",
					"$(inherited)",
				);
				GCC_WARN_64_TO_32_BIT_CONVERSION = YES;
				GCC_WARN_ABOUT_RETURN_TYPE = YES_ERROR;
				GCC_WARN_UNDECLARED_SELECTOR = YES;
				GCC_WARN_UNINITIALIZED_AUTOS = YES_AGGRESSIVE;
				GCC_WARN_UNUSED_FUNCTION = YES;
				GCC_WARN_UNUSED_VARIABLE = YES;
				IPHONEOS_DEPLOYMENT_TARGET = 13.7;
				MTL_ENABLE_DEBUG_INFO = INCLUDE_SOURCE;
				MTL_FAST_MATH = YES;
				ONLY_ACTIVE_ARCH = YES;
				SDKROOT = iphoneos;
				SWIFT_ACTIVE_COMPILATION_CONDITIONS = DEBUG;
				SWIFT_OPTIMIZATION_LEVEL = "-Onone";
			};
			name = Debug;
		};
		22B73992252E43F50005E88B /* Release */ = {
			isa = XCBuildConfiguration;
			buildSettings = {
				ALWAYS_SEARCH_USER_PATHS = NO;
				CLANG_ANALYZER_NONNULL = YES;
				CLANG_ANALYZER_NUMBER_OBJECT_CONVERSION = YES_AGGRESSIVE;
				CLANG_CXX_LANGUAGE_STANDARD = "gnu++14";
				CLANG_CXX_LIBRARY = "libc++";
				CLANG_ENABLE_MODULES = YES;
				CLANG_ENABLE_OBJC_ARC = YES;
				CLANG_ENABLE_OBJC_WEAK = YES;
				CLANG_WARN_BLOCK_CAPTURE_AUTORELEASING = YES;
				CLANG_WARN_BOOL_CONVERSION = YES;
				CLANG_WARN_COMMA = YES;
				CLANG_WARN_CONSTANT_CONVERSION = YES;
				CLANG_WARN_DEPRECATED_OBJC_IMPLEMENTATIONS = YES;
				CLANG_WARN_DIRECT_OBJC_ISA_USAGE = YES_ERROR;
				CLANG_WARN_DOCUMENTATION_COMMENTS = YES;
				CLANG_WARN_EMPTY_BODY = YES;
				CLANG_WARN_ENUM_CONVERSION = YES;
				CLANG_WARN_INFINITE_RECURSION = YES;
				CLANG_WARN_INT_CONVERSION = YES;
				CLANG_WARN_NON_LITERAL_NULL_CONVERSION = YES;
				CLANG_WARN_OBJC_IMPLICIT_RETAIN_SELF = YES;
				CLANG_WARN_OBJC_LITERAL_CONVERSION = YES;
				CLANG_WARN_OBJC_ROOT_CLASS = YES_ERROR;
				CLANG_WARN_RANGE_LOOP_ANALYSIS = YES;
				CLANG_WARN_STRICT_PROTOTYPES = YES;
				CLANG_WARN_SUSPICIOUS_MOVE = YES;
				CLANG_WARN_UNGUARDED_AVAILABILITY = YES_AGGRESSIVE;
				CLANG_WARN_UNREACHABLE_CODE = YES;
				CLANG_WARN__DUPLICATE_METHOD_MATCH = YES;
				COPY_PHASE_STRIP = NO;
				DEBUG_INFORMATION_FORMAT = "dwarf-with-dsym";
				ENABLE_NS_ASSERTIONS = NO;
				ENABLE_STRICT_OBJC_MSGSEND = YES;
				GCC_C_LANGUAGE_STANDARD = gnu11;
				GCC_NO_COMMON_BLOCKS = YES;
				GCC_WARN_64_TO_32_BIT_CONVERSION = YES;
				GCC_WARN_ABOUT_RETURN_TYPE = YES_ERROR;
				GCC_WARN_UNDECLARED_SELECTOR = YES;
				GCC_WARN_UNINITIALIZED_AUTOS = YES_AGGRESSIVE;
				GCC_WARN_UNUSED_FUNCTION = YES;
				GCC_WARN_UNUSED_VARIABLE = YES;
				IPHONEOS_DEPLOYMENT_TARGET = 13.7;
				MTL_ENABLE_DEBUG_INFO = NO;
				MTL_FAST_MATH = YES;
				SDKROOT = iphoneos;
				SWIFT_COMPILATION_MODE = wholemodule;
				SWIFT_OPTIMIZATION_LEVEL = "-O";
				VALIDATE_PRODUCT = YES;
			};
			name = Release;
		};
		22B73994252E43F50005E88B /* Debug */ = {
			isa = XCBuildConfiguration;
			baseConfigurationReference = 2FB94594FE42CEE066A3A5EF /* Pods-OnlyOfficeTest.debug.xcconfig */;
			buildSettings = {
				ASSETCATALOG_COMPILER_APPICON_NAME = AppIcon;
				CODE_SIGN_STYLE = Automatic;
				INFOPLIST_FILE = OnlyOfficeTest/Info.plist;
				IPHONEOS_DEPLOYMENT_TARGET = 11.0;
				LD_RUNPATH_SEARCH_PATHS = (
					"$(inherited)",
					"@executable_path/Frameworks",
				);
				PRODUCT_BUNDLE_IDENTIFIER = matichina.OnlyOfficeTest;
				PRODUCT_NAME = "$(TARGET_NAME)";
				SWIFT_VERSION = 5.0;
				TARGETED_DEVICE_FAMILY = 1;
			};
			name = Debug;
		};
		22B73995252E43F50005E88B /* Release */ = {
			isa = XCBuildConfiguration;
			baseConfigurationReference = D48843AFA7F3ADCE680F5202 /* Pods-OnlyOfficeTest.release.xcconfig */;
			buildSettings = {
				ASSETCATALOG_COMPILER_APPICON_NAME = AppIcon;
				CODE_SIGN_STYLE = Automatic;
				INFOPLIST_FILE = OnlyOfficeTest/Info.plist;
				IPHONEOS_DEPLOYMENT_TARGET = 11.0;
				LD_RUNPATH_SEARCH_PATHS = (
					"$(inherited)",
					"@executable_path/Frameworks",
				);
				PRODUCT_BUNDLE_IDENTIFIER = matichina.OnlyOfficeTest;
				PRODUCT_NAME = "$(TARGET_NAME)";
				SWIFT_VERSION = 5.0;
				TARGETED_DEVICE_FAMILY = 1;
			};
			name = Release;
		};
/* End XCBuildConfiguration section */

/* Begin XCConfigurationList section */
		22B7397A252E43EE0005E88B /* Build configuration list for PBXProject "OnlyOfficeTest" */ = {
			isa = XCConfigurationList;
			buildConfigurations = (
				22B73991252E43F50005E88B /* Debug */,
				22B73992252E43F50005E88B /* Release */,
			);
			defaultConfigurationIsVisible = 0;
			defaultConfigurationName = Release;
		};
		22B73993252E43F50005E88B /* Build configuration list for PBXNativeTarget "OnlyOfficeTest" */ = {
			isa = XCConfigurationList;
			buildConfigurations = (
				22B73994252E43F50005E88B /* Debug */,
				22B73995252E43F50005E88B /* Release */,
			);
			defaultConfigurationIsVisible = 0;
			defaultConfigurationName = Release;
		};
/* End XCConfigurationList section */
	};
	rootObject = 22B73977252E43EE0005E88B /* Project object */;
}
