// !$*UTF8*$!
{
	archiveVersion = 1;
	classes = {
	};
	objectVersion = 51;
	objects = {

/* Begin PBXBuildFile section */
		223531B92534BEA300CFC98C /* WebImageView.swift in Sources */ = {isa = PBXBuildFile; fileRef = 223531B82534BEA300CFC98C /* WebImageView.swift */; };
		223531BC2534F28A00CFC98C /* UserDocsResponse.swift in Sources */ = {isa = PBXBuildFile; fileRef = 223531BB2534F28A00CFC98C /* UserDocsResponse.swift */; };
		223531BE2534F2A600CFC98C /* UserDocsResult.swift in Sources */ = {isa = PBXBuildFile; fileRef = 223531BD2534F2A600CFC98C /* UserDocsResult.swift */; };
		223531C02534F54300CFC98C /* File.swift in Sources */ = {isa = PBXBuildFile; fileRef = 223531BF2534F54300CFC98C /* File.swift */; };
		223531C22534F77200CFC98C /* Folder.swift in Sources */ = {isa = PBXBuildFile; fileRef = 223531C12534F77200CFC98C /* Folder.swift */; };
		223531C52534F85100CFC98C /* UserDocsViewController.swift in Sources */ = {isa = PBXBuildFile; fileRef = 223531C42534F85100CFC98C /* UserDocsViewController.swift */; };
		2245FFBE25308B5400D27B0C /* UIWindowExtensions.swift in Sources */ = {isa = PBXBuildFile; fileRef = 2245FFBD25308B5300D27B0C /* UIWindowExtensions.swift */; };
		2245FFC92530BE5600D27B0C /* ProfileResult.swift in Sources */ = {isa = PBXBuildFile; fileRef = 2245FFC82530BE5600D27B0C /* ProfileResult.swift */; };
		2245FFCB2530C0DB00D27B0C /* ProfileViewController.swift in Sources */ = {isa = PBXBuildFile; fileRef = 2245FFCA2530C0DB00D27B0C /* ProfileViewController.swift */; };
		2245FFCD2530DBDE00D27B0C /* ProfileResponse.swift in Sources */ = {isa = PBXBuildFile; fileRef = 2245FFCC2530DBDE00D27B0C /* ProfileResponse.swift */; };
		2287CFD92535B795007DDCAF /* UserDocsTableViewCell.swift in Sources */ = {isa = PBXBuildFile; fileRef = 2287CFD72535B795007DDCAF /* UserDocsTableViewCell.swift */; };
		2287CFDA2535B795007DDCAF /* UserDocsTableViewCell.xib in Resources */ = {isa = PBXBuildFile; fileRef = 2287CFD82535B795007DDCAF /* UserDocsTableViewCell.xib */; };
		2287CFDE2535C22E007DDCAF /* CommonViewController.swift in Sources */ = {isa = PBXBuildFile; fileRef = 2287CFDD2535C22E007DDCAF /* CommonViewController.swift */; };
		22A6B1002536325D00271A32 /* FileDetailViewController.swift in Sources */ = {isa = PBXBuildFile; fileRef = 22A6B0FF2536325D00271A32 /* FileDetailViewController.swift */; };
		22A6B104253632EF00271A32 /* File.storyboard in Resources */ = {isa = PBXBuildFile; fileRef = 22A6B103253632EF00271A32 /* File.storyboard */; };
		22B73983252E43EE0005E88B /* AppDelegate.swift in Sources */ = {isa = PBXBuildFile; fileRef = 22B73982252E43EE0005E88B /* AppDelegate.swift */; };
		22B7398C252E43F50005E88B /* Assets.xcassets in Resources */ = {isa = PBXBuildFile; fileRef = 22B7398B252E43F50005E88B /* Assets.xcassets */; };
		22B7398F252E43F50005E88B /* LaunchScreen.storyboard in Resources */ = {isa = PBXBuildFile; fileRef = 22B7398D252E43F50005E88B /* LaunchScreen.storyboard */; };
		340E2A7F0B0B9F1C7D6F3680 /* Pods_OnlyOfficeTest.framework in Frameworks */ = {isa = PBXBuildFile; fileRef = 95B4D3A954A801AA92316D10 /* Pods_OnlyOfficeTest.framework */; };
		62D1CDB6252E4F2900D1A294 /* Auth.storyboard in Resources */ = {isa = PBXBuildFile; fileRef = 62D1CDB5252E4F2900D1A294 /* Auth.storyboard */; };
		62D1CDB9252E4F4B00D1A294 /* AuthViewController.swift in Sources */ = {isa = PBXBuildFile; fileRef = 62D1CDB8252E4F4B00D1A294 /* AuthViewController.swift */; };
		62D1CDBF252E55A500D1A294 /* StringExtensions.swift in Sources */ = {isa = PBXBuildFile; fileRef = 62D1CDBE252E55A500D1A294 /* StringExtensions.swift */; };
		62D1CDC5252E58BA00D1A294 /* NetworkingService.swift in Sources */ = {isa = PBXBuildFile; fileRef = 62D1CDC4252E58BA00D1A294 /* NetworkingService.swift */; };
		62D1CE0A252E592C00D1A294 /* API.swift in Sources */ = {isa = PBXBuildFile; fileRef = 62D1CE09252E592C00D1A294 /* API.swift */; };
		62D1CE0D252E5E5900D1A294 /* NetworkingError.swift in Sources */ = {isa = PBXBuildFile; fileRef = 62D1CE0C252E5E5900D1A294 /* NetworkingError.swift */; };
		62D1CE11252E5F9100D1A294 /* AuthResponse.swift in Sources */ = {isa = PBXBuildFile; fileRef = 62D1CE10252E5F9100D1A294 /* AuthResponse.swift */; };
		62D1CE1D252E6CA500D1A294 /* AuthResult.swift in Sources */ = {isa = PBXBuildFile; fileRef = 62D1CE1C252E6CA500D1A294 /* AuthResult.swift */; };
		62D1CE21252E6D4600D1A294 /* Menu.storyboard in Resources */ = {isa = PBXBuildFile; fileRef = 62D1CE20252E6D4600D1A294 /* Menu.storyboard */; };
/* End PBXBuildFile section */

/* Begin PBXFileReference section */
		223531B82534BEA300CFC98C /* WebImageView.swift */ = {isa = PBXFileReference; lastKnownFileType = sourcecode.swift; path = WebImageView.swift; sourceTree = "<group>"; };
		223531BB2534F28A00CFC98C /* UserDocsResponse.swift */ = {isa = PBXFileReference; lastKnownFileType = sourcecode.swift; path = UserDocsResponse.swift; sourceTree = "<group>"; };
		223531BD2534F2A600CFC98C /* UserDocsResult.swift */ = {isa = PBXFileReference; lastKnownFileType = sourcecode.swift; path = UserDocsResult.swift; sourceTree = "<group>"; };
		223531BF2534F54300CFC98C /* File.swift */ = {isa = PBXFileReference; lastKnownFileType = sourcecode.swift; path = File.swift; sourceTree = "<group>"; };
		223531C12534F77200CFC98C /* Folder.swift */ = {isa = PBXFileReference; lastKnownFileType = sourcecode.swift; path = Folder.swift; sourceTree = "<group>"; };
		223531C42534F85100CFC98C /* UserDocsViewController.swift */ = {isa = PBXFileReference; lastKnownFileType = sourcecode.swift; path = UserDocsViewController.swift; sourceTree = "<group>"; };
		2245FFBD25308B5300D27B0C /* UIWindowExtensions.swift */ = {isa = PBXFileReference; lastKnownFileType = sourcecode.swift; path = UIWindowExtensions.swift; sourceTree = "<group>"; };
		2245FFC82530BE5600D27B0C /* ProfileResult.swift */ = {isa = PBXFileReference; lastKnownFileType = sourcecode.swift; path = ProfileResult.swift; sourceTree = "<group>"; };
		2245FFCA2530C0DB00D27B0C /* ProfileViewController.swift */ = {isa = PBXFileReference; lastKnownFileType = sourcecode.swift; path = ProfileViewController.swift; sourceTree = "<group>"; };
		2245FFCC2530DBDE00D27B0C /* ProfileResponse.swift */ = {isa = PBXFileReference; lastKnownFileType = sourcecode.swift; path = ProfileResponse.swift; sourceTree = "<group>"; };
		2287CFD72535B795007DDCAF /* UserDocsTableViewCell.swift */ = {isa = PBXFileReference; lastKnownFileType = sourcecode.swift; path = UserDocsTableViewCell.swift; sourceTree = "<group>"; };
		2287CFD82535B795007DDCAF /* UserDocsTableViewCell.xib */ = {isa = PBXFileReference; lastKnownFileType = file.xib; path = UserDocsTableViewCell.xib; sourceTree = "<group>"; };
		2287CFDD2535C22E007DDCAF /* CommonViewController.swift */ = {isa = PBXFileReference; lastKnownFileType = sourcecode.swift; path = CommonViewController.swift; sourceTree = "<group>"; };
		22A6B0FF2536325D00271A32 /* FileDetailViewController.swift */ = {isa = PBXFileReference; lastKnownFileType = sourcecode.swift; path = FileDetailViewController.swift; sourceTree = "<group>"; };
		22A6B103253632EF00271A32 /* File.storyboard */ = {isa = PBXFileReference; lastKnownFileType = file.storyboard; path = File.storyboard; sourceTree = "<group>"; };
		22B7397F252E43EE0005E88B /* OnlyOfficeTest.app */ = {isa = PBXFileReference; explicitFileType = wrapper.application; includeInIndex = 0; path = OnlyOfficeTest.app; sourceTree = BUILT_PRODUCTS_DIR; };
		22B73982252E43EE0005E88B /* AppDelegate.swift */ = {isa = PBXFileReference; lastKnownFileType = sourcecode.swift; path = AppDelegate.swift; sourceTree = "<group>"; };
		22B7398B252E43F50005E88B /* Assets.xcassets */ = {isa = PBXFileReference; lastKnownFileType = folder.assetcatalog; path = Assets.xcassets; sourceTree = "<group>"; };
		22B7398E252E43F50005E88B /* Base */ = {isa = PBXFileReference; lastKnownFileType = file.storyboard; name = Base; path = Base.lproj/LaunchScreen.storyboard; sourceTree = "<group>"; };
		22B73990252E43F50005E88B /* Info.plist */ = {isa = PBXFileReference; lastKnownFileType = text.plist.xml; path = Info.plist; sourceTree = "<group>"; };
		2FB94594FE42CEE066A3A5EF /* Pods-OnlyOfficeTest.debug.xcconfig */ = {isa = PBXFileReference; includeInIndex = 1; lastKnownFileType = text.xcconfig; name = "Pods-OnlyOfficeTest.debug.xcconfig"; path = "Target Support Files/Pods-OnlyOfficeTest/Pods-OnlyOfficeTest.debug.xcconfig"; sourceTree = "<group>"; };
		62D1CDB5252E4F2900D1A294 /* Auth.storyboard */ = {isa = PBXFileReference; lastKnownFileType = file.storyboard; path = Auth.storyboard; sourceTree = "<group>"; };
		62D1CDB8252E4F4B00D1A294 /* AuthViewController.swift */ = {isa = PBXFileReference; lastKnownFileType = sourcecode.swift; path = AuthViewController.swift; sourceTree = "<group>"; };
		62D1CDBE252E55A500D1A294 /* StringExtensions.swift */ = {isa = PBXFileReference; lastKnownFileType = sourcecode.swift; path = StringExtensions.swift; sourceTree = "<group>"; };
		62D1CDC4252E58BA00D1A294 /* NetworkingService.swift */ = {isa = PBXFileReference; lastKnownFileType = sourcecode.swift; path = NetworkingService.swift; sourceTree = "<group>"; };
		62D1CE09252E592C00D1A294 /* API.swift */ = {isa = PBXFileReference; lastKnownFileType = sourcecode.swift; path = API.swift; sourceTree = "<group>"; };
		62D1CE0C252E5E5900D1A294 /* NetworkingError.swift */ = {isa = PBXFileReference; lastKnownFileType = sourcecode.swift; path = NetworkingError.swift; sourceTree = "<group>"; };
		62D1CE10252E5F9100D1A294 /* AuthResponse.swift */ = {isa = PBXFileReference; lastKnownFileType = sourcecode.swift; path = AuthResponse.swift; sourceTree = "<group>"; };
		62D1CE1C252E6CA500D1A294 /* AuthResult.swift */ = {isa = PBXFileReference; lastKnownFileType = sourcecode.swift; path = AuthResult.swift; sourceTree = "<group>"; };
		62D1CE20252E6D4600D1A294 /* Menu.storyboard */ = {isa = PBXFileReference; lastKnownFileType = file.storyboard; path = Menu.storyboard; sourceTree = "<group>"; };
		95B4D3A954A801AA92316D10 /* Pods_OnlyOfficeTest.framework */ = {isa = PBXFileReference; explicitFileType = wrapper.framework; includeInIndex = 0; path = Pods_OnlyOfficeTest.framework; sourceTree = BUILT_PRODUCTS_DIR; };
		D48843AFA7F3ADCE680F5202 /* Pods-OnlyOfficeTest.release.xcconfig */ = {isa = PBXFileReference; includeInIndex = 1; lastKnownFileType = text.xcconfig; name = "Pods-OnlyOfficeTest.release.xcconfig"; path = "Target Support Files/Pods-OnlyOfficeTest/Pods-OnlyOfficeTest.release.xcconfig"; sourceTree = "<group>"; };
/* End PBXFileReference section */

/* Begin PBXFrameworksBuildPhase section */
		22B7397C252E43EE0005E88B /* Frameworks */ = {
			isa = PBXFrameworksBuildPhase;
			buildActionMask = 2147483647;
			files = (
				340E2A7F0B0B9F1C7D6F3680 /* Pods_OnlyOfficeTest.framework in Frameworks */,
			);
			runOnlyForDeploymentPostprocessing = 0;
		};
/* End PBXFrameworksBuildPhase section */

/* Begin PBXGroup section */
		223531BA2534F1E600CFC98C /* Model */ = {
			isa = PBXGroup;
			children = (
				223531BB2534F28A00CFC98C /* UserDocsResponse.swift */,
				223531BD2534F2A600CFC98C /* UserDocsResult.swift */,
				223531BF2534F54300CFC98C /* File.swift */,
				223531C12534F77200CFC98C /* Folder.swift */,
			);
			path = Model;
			sourceTree = "<group>";
		};
		223531C32534F81400CFC98C /* Controller */ = {
			isa = PBXGroup;
			children = (
				223531C42534F85100CFC98C /* UserDocsViewController.swift */,
			);
			path = Controller;
			sourceTree = "<group>";
		};
		2245FFC62530BD6900D27B0C /* Model */ = {
			isa = PBXGroup;
			children = (
				2245FFCC2530DBDE00D27B0C /* ProfileResponse.swift */,
				2245FFC82530BE5600D27B0C /* ProfileResult.swift */,
				223531B82534BEA300CFC98C /* WebImageView.swift */,
			);
			path = Model;
			sourceTree = "<group>";
		};
		2245FFC72530BD8B00D27B0C /* Controller */ = {
			isa = PBXGroup;
			children = (
				2245FFCA2530C0DB00D27B0C /* ProfileViewController.swift */,
			);
			path = Controller;
			sourceTree = "<group>";
		};
		2287CFDC2535C119007DDCAF /* Controller */ = {
			isa = PBXGroup;
			children = (
				2287CFDD2535C22E007DDCAF /* CommonViewController.swift */,
			);
			path = Controller;
			sourceTree = "<group>";
		};
		22A6B0FD2536288E00271A32 /* View */ = {
			isa = PBXGroup;
			children = (
				2287CFD72535B795007DDCAF /* UserDocsTableViewCell.swift */,
				2287CFD82535B795007DDCAF /* UserDocsTableViewCell.xib */,
			);
			path = View;
			sourceTree = "<group>";
		};
		22A6B0FE2536323700271A32 /* FileDetail */ = {
			isa = PBXGroup;
			children = (
				22A6B101253632DD00271A32 /* View */,
				22A6B102253632E100271A32 /* Controller */,
			);
			path = FileDetail;
			sourceTree = "<group>";
		};
		22A6B101253632DD00271A32 /* View */ = {
			isa = PBXGroup;
			children = (
				22A6B103253632EF00271A32 /* File.storyboard */,
			);
			path = View;
			sourceTree = "<group>";
		};
		22A6B102253632E100271A32 /* Controller */ = {
			isa = PBXGroup;
			children = (
				22A6B0FF2536325D00271A32 /* FileDetailViewController.swift */,
			);
			path = Controller;
			sourceTree = "<group>";
		};
		22B73976252E43EE0005E88B = {
			isa = PBXGroup;
			children = (
				22B73981252E43EE0005E88B /* OnlyOfficeTest */,
				22B73980252E43EE0005E88B /* Products */,
				B26C0F631B01A1D1F58D4093 /* Pods */,
				934D75F90CC64E21110D56D9 /* Frameworks */,
			);
			sourceTree = "<group>";
		};
		22B73980252E43EE0005E88B /* Products */ = {
			isa = PBXGroup;
			children = (
				22B7397F252E43EE0005E88B /* OnlyOfficeTest.app */,
			);
			name = Products;
			sourceTree = "<group>";
		};
		22B73981252E43EE0005E88B /* OnlyOfficeTest */ = {
			isa = PBXGroup;
			children = (
				62D1CDBD252E558F00D1A294 /* Extensions */,
				62D1CDC3252E58A700D1A294 /* Networking */,
				62D1CDB2252E4EFE00D1A294 /* Auth */,
				62D1CE1F252E6D2F00D1A294 /* Menu */,
				22B73982252E43EE0005E88B /* AppDelegate.swift */,
				22B7398B252E43F50005E88B /* Assets.xcassets */,
				22B7398D252E43F50005E88B /* LaunchScreen.storyboard */,
				22B73990252E43F50005E88B /* Info.plist */,
			);
			path = OnlyOfficeTest;
			sourceTree = "<group>";
		};
		62D1CDB2252E4EFE00D1A294 /* Auth */ = {
			isa = PBXGroup;
			children = (
				62D1CE0F252E5F7D00D1A294 /* Model */,
				62D1CE19252E6B3500D1A294 /* View */,
				62D1CE1A252E6B4100D1A294 /* Controller */,
			);
			path = Auth;
			sourceTree = "<group>";
		};
		62D1CDBD252E558F00D1A294 /* Extensions */ = {
			isa = PBXGroup;
			children = (
				62D1CDBE252E55A500D1A294 /* StringExtensions.swift */,
				2245FFBD25308B5300D27B0C /* UIWindowExtensions.swift */,
			);
			path = Extensions;
			sourceTree = "<group>";
		};
		62D1CDC3252E58A700D1A294 /* Networking */ = {
			isa = PBXGroup;
			children = (
				62D1CDC4252E58BA00D1A294 /* NetworkingService.swift */,
				62D1CE09252E592C00D1A294 /* API.swift */,
				62D1CE0C252E5E5900D1A294 /* NetworkingError.swift */,
			);
			path = Networking;
			sourceTree = "<group>";
		};
		62D1CE0F252E5F7D00D1A294 /* Model */ = {
			isa = PBXGroup;
			children = (
				62D1CE10252E5F9100D1A294 /* AuthResponse.swift */,
				62D1CE1C252E6CA500D1A294 /* AuthResult.swift */,
			);
			path = Model;
			sourceTree = "<group>";
		};
		62D1CE19252E6B3500D1A294 /* View */ = {
			isa = PBXGroup;
			children = (
				62D1CDB5252E4F2900D1A294 /* Auth.storyboard */,
			);
			path = View;
			sourceTree = "<group>";
		};
		62D1CE1A252E6B4100D1A294 /* Controller */ = {
			isa = PBXGroup;
			children = (
				62D1CDB8252E4F4B00D1A294 /* AuthViewController.swift */,
			);
			path = Controller;
			sourceTree = "<group>";
		};
		62D1CE1F252E6D2F00D1A294 /* Menu */ = {
			isa = PBXGroup;
			children = (
				22A6B0FE2536323700271A32 /* FileDetail */,
				62D1CE27252E70B500D1A294 /* View */,
				62D1CE26252E70AB00D1A294 /* Profile */,
				62D1CE25252E70A500D1A294 /* Common */,
				62D1CE24252E709A00D1A294 /* UserDocs */,
			);
			path = Menu;
			sourceTree = "<group>";
		};
		62D1CE24252E709A00D1A294 /* UserDocs */ = {
			isa = PBXGroup;
			children = (
				223531BA2534F1E600CFC98C /* Model */,
				22A6B0FD2536288E00271A32 /* View */,
				223531C32534F81400CFC98C /* Controller */,
			);
			path = UserDocs;
			sourceTree = "<group>";
		};
		62D1CE25252E70A500D1A294 /* Common */ = {
			isa = PBXGroup;
			children = (
				2287CFDC2535C119007DDCAF /* Controller */,
			);
			path = Common;
			sourceTree = "<group>";
		};
		62D1CE26252E70AB00D1A294 /* Profile */ = {
			isa = PBXGroup;
			children = (
				2245FFC62530BD6900D27B0C /* Model */,
				2245FFC72530BD8B00D27B0C /* Controller */,
			);
			path = Profile;
			sourceTree = "<group>";
		};
		62D1CE27252E70B500D1A294 /* View */ = {
			isa = PBXGroup;
			children = (
				62D1CE20252E6D4600D1A294 /* Menu.storyboard */,
			);
			path = View;
			sourceTree = "<group>";
		};
		934D75F90CC64E21110D56D9 /* Frameworks */ = {
			isa = PBXGroup;
			children = (
				95B4D3A954A801AA92316D10 /* Pods_OnlyOfficeTest.framework */,
			);
			name = Frameworks;
			sourceTree = "<group>";
		};
		B26C0F631B01A1D1F58D4093 /* Pods */ = {
			isa = PBXGroup;
			children = (
				2FB94594FE42CEE066A3A5EF /* Pods-OnlyOfficeTest.debug.xcconfig */,
				D48843AFA7F3ADCE680F5202 /* Pods-OnlyOfficeTest.release.xcconfig */,
			);
			path = Pods;
			sourceTree = "<group>";
		};
/* End PBXGroup section */

/* Begin PBXNativeTarget section */
		22B7397E252E43EE0005E88B /* OnlyOfficeTest */ = {
			isa = PBXNativeTarget;
			buildConfigurationList = 22B73993252E43F50005E88B /* Build configuration list for PBXNativeTarget "OnlyOfficeTest" */;
			buildPhases = (
				0875F8EC634200969A82F1B9 /* [CP] Check Pods Manifest.lock */,
				22B7397B252E43EE0005E88B /* Sources */,
				22B7397C252E43EE0005E88B /* Frameworks */,
				22B7397D252E43EE0005E88B /* Resources */,
				415E8010FA4E427D5A92837D /* [CP] Embed Pods Frameworks */,
			);
			buildRules = (
			);
			dependencies = (
			);
			name = OnlyOfficeTest;
			productName = OnlyOfficeTest;
			productReference = 22B7397F252E43EE0005E88B /* OnlyOfficeTest.app */;
			productType = "com.apple.product-type.application";
		};
/* End PBXNativeTarget section */

/* Begin PBXProject section */
		22B73977252E43EE0005E88B /* Project object */ = {
			isa = PBXProject;
			attributes = {
				LastSwiftUpdateCheck = 1170;
				LastUpgradeCheck = 1170;
				ORGANIZATIONNAME = "Мария Матичина";
				TargetAttributes = {
					22B7397E252E43EE0005E88B = {
						CreatedOnToolsVersion = 11.7;
					};
				};
			};
			buildConfigurationList = 22B7397A252E43EE0005E88B /* Build configuration list for PBXProject "OnlyOfficeTest" */;
			compatibilityVersion = "Xcode 9.3";
			developmentRegion = en;
			hasScannedForEncodings = 0;
			knownRegions = (
				en,
				Base,
			);
			mainGroup = 22B73976252E43EE0005E88B;
			productRefGroup = 22B73980252E43EE0005E88B /* Products */;
			projectDirPath = "";
			projectRoot = "";
			targets = (
				22B7397E252E43EE0005E88B /* OnlyOfficeTest */,
			);
		};
/* End PBXProject section */

/* Begin PBXResourcesBuildPhase section */
		22B7397D252E43EE0005E88B /* Resources */ = {
			isa = PBXResourcesBuildPhase;
			buildActionMask = 2147483647;
			files = (
				62D1CDB6252E4F2900D1A294 /* Auth.storyboard in Resources */,
				22B7398F252E43F50005E88B /* LaunchScreen.storyboard in Resources */,
				22B7398C252E43F50005E88B /* Assets.xcassets in Resources */,
				2287CFDA2535B795007DDCAF /* UserDocsTableViewCell.xib in Resources */,
				22A6B104253632EF00271A32 /* File.storyboard in Resources */,
				62D1CE21252E6D4600D1A294 /* Menu.storyboard in Resources */,
			);
			runOnlyForDeploymentPostprocessing = 0;
		};
/* End PBXResourcesBuildPhase section */

/* Begin PBXShellScriptBuildPhase section */
		0875F8EC634200969A82F1B9 /* [CP] Check Pods Manifest.lock */ = {
			isa = PBXShellScriptBuildPhase;
			buildActionMask = 2147483647;
			files = (
			);
			inputFileListPaths = (
			);
			inputPaths = (
				"${PODS_PODFILE_DIR_PATH}/Podfile.lock",
				"${PODS_ROOT}/Manifest.lock",
			);
			name = "[CP] Check Pods Manifest.lock";
			outputFileListPaths = (
			);
			outputPaths = (
				"$(DERIVED_FILE_DIR)/Pods-OnlyOfficeTest-checkManifestLockResult.txt",
			);
			runOnlyForDeploymentPostprocessing = 0;
			shellPath = /bin/sh;
			shellScript = "diff \"${PODS_PODFILE_DIR_PATH}/Podfile.lock\" \"${PODS_ROOT}/Manifest.lock\" > /dev/null\nif [ $? != 0 ] ; then\n    # print error to STDERR\n    echo \"error: The sandbox is not in sync with the Podfile.lock. Run 'pod install' or update your CocoaPods installation.\" >&2\n    exit 1\nfi\n# This output is used by Xcode 'outputs' to avoid re-running this script phase.\necho \"SUCCESS\" > \"${SCRIPT_OUTPUT_FILE_0}\"\n";
			showEnvVarsInLog = 0;
		};
		415E8010FA4E427D5A92837D /* [CP] Embed Pods Frameworks */ = {
			isa = PBXShellScriptBuildPhase;
			buildActionMask = 2147483647;
			files = (
			);
			inputFileListPaths = (
				"${PODS_ROOT}/Target Support Files/Pods-OnlyOfficeTest/Pods-OnlyOfficeTest-frameworks-${CONFIGURATION}-input-files.xcfilelist",
			);
			name = "[CP] Embed Pods Frameworks";
			outputFileListPaths = (
				"${PODS_ROOT}/Target Support Files/Pods-OnlyOfficeTest/Pods-OnlyOfficeTest-frameworks-${CONFIGURATION}-output-files.xcfilelist",
			);
			runOnlyForDeploymentPostprocessing = 0;
			shellPath = /bin/sh;
			shellScript = "\"${PODS_ROOT}/Target Support Files/Pods-OnlyOfficeTest/Pods-OnlyOfficeTest-frameworks.sh\"\n";
			showEnvVarsInLog = 0;
		};
/* End PBXShellScriptBuildPhase section */

/* Begin PBXSourcesBuildPhase section */
		22B7397B252E43EE0005E88B /* Sources */ = {
			isa = PBXSourcesBuildPhase;
			buildActionMask = 2147483647;
			files = (
				223531B92534BEA300CFC98C /* WebImageView.swift in Sources */,
				62D1CDBF252E55A500D1A294 /* StringExtensions.swift in Sources */,
				62D1CDB9252E4F4B00D1A294 /* AuthViewController.swift in Sources */,
				22B73983252E43EE0005E88B /* AppDelegate.swift in Sources */,
				223531C52534F85100CFC98C /* UserDocsViewController.swift in Sources */,
				62D1CDC5252E58BA00D1A294 /* NetworkingService.swift in Sources */,
				223531C02534F54300CFC98C /* File.swift in Sources */,
				62D1CE1D252E6CA500D1A294 /* AuthResult.swift in Sources */,
				223531C22534F77200CFC98C /* Folder.swift in Sources */,
				223531BE2534F2A600CFC98C /* UserDocsResult.swift in Sources */,
				2287CFD92535B795007DDCAF /* UserDocsTableViewCell.swift in Sources */,
				2245FFBE25308B5400D27B0C /* UIWindowExtensions.swift in Sources */,
				2245FFCB2530C0DB00D27B0C /* ProfileViewController.swift in Sources */,
				62D1CE11252E5F9100D1A294 /* AuthResponse.swift in Sources */,
				2245FFCD2530DBDE00D27B0C /* ProfileResponse.swift in Sources */,
				22A6B1002536325D00271A32 /* FileDetailViewController.swift in Sources */,
				223531BC2534F28A00CFC98C /* UserDocsResponse.swift in Sources */,
				62D1CE0D252E5E5900D1A294 /* NetworkingError.swift in Sources */,
				2287CFDE2535C22E007DDCAF /* CommonViewController.swift in Sources */,
				2245FFC92530BE5600D27B0C /* ProfileResult.swift in Sources */,
				62D1CE0A252E592C00D1A294 /* API.swift in Sources */,
			);
			runOnlyForDeploymentPostprocessing = 0;
		};
/* End PBXSourcesBuildPhase section */

/* Begin PBXVariantGroup section */
		22B7398D252E43F50005E88B /* LaunchScreen.storyboard */ = {
			isa = PBXVariantGroup;
			children = (
				22B7398E252E43F50005E88B /* Base */,
			);
			name = LaunchScreen.storyboard;
			sourceTree = "<group>";
		};
/* End PBXVariantGroup section */

/* Begin XCBuildConfiguration section */
		22B73991252E43F50005E88B /* Debug */ = {
			isa = XCBuildConfiguration;
			buildSettings = {
				ALWAYS_SEARCH_USER_PATHS = NO;
				CLANG_ANALYZER_NONNULL = YES;
				CLANG_ANALYZER_NUMBER_OBJECT_CONVERSION = YES_AGGRESSIVE;
				CLANG_CXX_LANGUAGE_STANDARD = "gnu++14";
				CLANG_CXX_LIBRARY = "libc++";
				CLANG_ENABLE_MODULES = YES;
				CLANG_ENABLE_OBJC_ARC = YES;
				CLANG_ENABLE_OBJC_WEAK = YES;
				CLANG_WARN_BLOCK_CAPTURE_AUTORELEASING = YES;
				CLANG_WARN_BOOL_CONVERSION = YES;
				CLANG_WARN_COMMA = YES;
				CLANG_WARN_CONSTANT_CONVERSION = YES;
				CLANG_WARN_DEPRECATED_OBJC_IMPLEMENTATIONS = YES;
				CLANG_WARN_DIRECT_OBJC_ISA_USAGE = YES_ERROR;
				CLANG_WARN_DOCUMENTATION_COMMENTS = YES;
				CLANG_WARN_EMPTY_BODY = YES;
				CLANG_WARN_ENUM_CONVERSION = YES;
				CLANG_WARN_INFINITE_RECURSION = YES;
				CLANG_WARN_INT_CONVERSION = YES;
				CLANG_WARN_NON_LITERAL_NULL_CONVERSION = YES;
				CLANG_WARN_OBJC_IMPLICIT_RETAIN_SELF = YES;
				CLANG_WARN_OBJC_LITERAL_CONVERSION = YES;
				CLANG_WARN_OBJC_ROOT_CLASS = YES_ERROR;
				CLANG_WARN_RANGE_LOOP_ANALYSIS = YES;
				CLANG_WARN_STRICT_PROTOTYPES = YES;
				CLANG_WARN_SUSPICIOUS_MOVE = YES;
				CLANG_WARN_UNGUARDED_AVAILABILITY = YES_AGGRESSIVE;
				CLANG_WARN_UNREACHABLE_CODE = YES;
				CLANG_WARN__DUPLICATE_METHOD_MATCH = YES;
				COPY_PHASE_STRIP = NO;
				DEBUG_INFORMATION_FORMAT = dwarf;
				ENABLE_STRICT_OBJC_MSGSEND = YES;
				ENABLE_TESTABILITY = YES;
				GCC_C_LANGUAGE_STANDARD = gnu11;
				GCC_DYNAMIC_NO_PIC = NO;
				GCC_NO_COMMON_BLOCKS = YES;
				GCC_OPTIMIZATION_LEVEL = 0;
				GCC_PREPROCESSOR_DEFINITIONS = (
					"DEBUG=1",
					"$(inherited)",
				);
				GCC_WARN_64_TO_32_BIT_CONVERSION = YES;
				GCC_WARN_ABOUT_RETURN_TYPE = YES_ERROR;
				GCC_WARN_UNDECLARED_SELECTOR = YES;
				GCC_WARN_UNINITIALIZED_AUTOS = YES_AGGRESSIVE;
				GCC_WARN_UNUSED_FUNCTION = YES;
				GCC_WARN_UNUSED_VARIABLE = YES;
				IPHONEOS_DEPLOYMENT_TARGET = 13.7;
				MTL_ENABLE_DEBUG_INFO = INCLUDE_SOURCE;
				MTL_FAST_MATH = YES;
				ONLY_ACTIVE_ARCH = YES;
				SDKROOT = iphoneos;
				SWIFT_ACTIVE_COMPILATION_CONDITIONS = DEBUG;
				SWIFT_OPTIMIZATION_LEVEL = "-Onone";
			};
			name = Debug;
		};
		22B73992252E43F50005E88B /* Release */ = {
			isa = XCBuildConfiguration;
			buildSettings = {
				ALWAYS_SEARCH_USER_PATHS = NO;
				CLANG_ANALYZER_NONNULL = YES;
				CLANG_ANALYZER_NUMBER_OBJECT_CONVERSION = YES_AGGRESSIVE;
				CLANG_CXX_LANGUAGE_STANDARD = "gnu++14";
				CLANG_CXX_LIBRARY = "libc++";
				CLANG_ENABLE_MODULES = YES;
				CLANG_ENABLE_OBJC_ARC = YES;
				CLANG_ENABLE_OBJC_WEAK = YES;
				CLANG_WARN_BLOCK_CAPTURE_AUTORELEASING = YES;
				CLANG_WARN_BOOL_CONVERSION = YES;
				CLANG_WARN_COMMA = YES;
				CLANG_WARN_CONSTANT_CONVERSION = YES;
				CLANG_WARN_DEPRECATED_OBJC_IMPLEMENTATIONS = YES;
				CLANG_WARN_DIRECT_OBJC_ISA_USAGE = YES_ERROR;
				CLANG_WARN_DOCUMENTATION_COMMENTS = YES;
				CLANG_WARN_EMPTY_BODY = YES;
				CLANG_WARN_ENUM_CONVERSION = YES;
				CLANG_WARN_INFINITE_RECURSION = YES;
				CLANG_WARN_INT_CONVERSION = YES;
				CLANG_WARN_NON_LITERAL_NULL_CONVERSION = YES;
				CLANG_WARN_OBJC_IMPLICIT_RETAIN_SELF = YES;
				CLANG_WARN_OBJC_LITERAL_CONVERSION = YES;
				CLANG_WARN_OBJC_ROOT_CLASS = YES_ERROR;
				CLANG_WARN_RANGE_LOOP_ANALYSIS = YES;
				CLANG_WARN_STRICT_PROTOTYPES = YES;
				CLANG_WARN_SUSPICIOUS_MOVE = YES;
				CLANG_WARN_UNGUARDED_AVAILABILITY = YES_AGGRESSIVE;
				CLANG_WARN_UNREACHABLE_CODE = YES;
				CLANG_WARN__DUPLICATE_METHOD_MATCH = YES;
				COPY_PHASE_STRIP = NO;
				DEBUG_INFORMATION_FORMAT = "dwarf-with-dsym";
				ENABLE_NS_ASSERTIONS = NO;
				ENABLE_STRICT_OBJC_MSGSEND = YES;
				GCC_C_LANGUAGE_STANDARD = gnu11;
				GCC_NO_COMMON_BLOCKS = YES;
				GCC_WARN_64_TO_32_BIT_CONVERSION = YES;
				GCC_WARN_ABOUT_RETURN_TYPE = YES_ERROR;
				GCC_WARN_UNDECLARED_SELECTOR = YES;
				GCC_WARN_UNINITIALIZED_AUTOS = YES_AGGRESSIVE;
				GCC_WARN_UNUSED_FUNCTION = YES;
				GCC_WARN_UNUSED_VARIABLE = YES;
				IPHONEOS_DEPLOYMENT_TARGET = 13.7;
				MTL_ENABLE_DEBUG_INFO = NO;
				MTL_FAST_MATH = YES;
				SDKROOT = iphoneos;
				SWIFT_COMPILATION_MODE = wholemodule;
				SWIFT_OPTIMIZATION_LEVEL = "-O";
				VALIDATE_PRODUCT = YES;
			};
			name = Release;
		};
		22B73994252E43F50005E88B /* Debug */ = {
			isa = XCBuildConfiguration;
			baseConfigurationReference = 2FB94594FE42CEE066A3A5EF /* Pods-OnlyOfficeTest.debug.xcconfig */;
			buildSettings = {
				ASSETCATALOG_COMPILER_APPICON_NAME = AppIcon;
				CODE_SIGN_STYLE = Automatic;
				INFOPLIST_FILE = OnlyOfficeTest/Info.plist;
				IPHONEOS_DEPLOYMENT_TARGET = 11.0;
				LD_RUNPATH_SEARCH_PATHS = (
					"$(inherited)",
					"@executable_path/Frameworks",
				);
				PRODUCT_BUNDLE_IDENTIFIER = matichina.OnlyOfficeTest;
				PRODUCT_NAME = "$(TARGET_NAME)";
				SWIFT_VERSION = 5.0;
				TARGETED_DEVICE_FAMILY = 1;
			};
			name = Debug;
		};
		22B73995252E43F50005E88B /* Release */ = {
			isa = XCBuildConfiguration;
			baseConfigurationReference = D48843AFA7F3ADCE680F5202 /* Pods-OnlyOfficeTest.release.xcconfig */;
			buildSettings = {
				ASSETCATALOG_COMPILER_APPICON_NAME = AppIcon;
				CODE_SIGN_STYLE = Automatic;
				INFOPLIST_FILE = OnlyOfficeTest/Info.plist;
				IPHONEOS_DEPLOYMENT_TARGET = 11.0;
				LD_RUNPATH_SEARCH_PATHS = (
					"$(inherited)",
					"@executable_path/Frameworks",
				);
				PRODUCT_BUNDLE_IDENTIFIER = matichina.OnlyOfficeTest;
				PRODUCT_NAME = "$(TARGET_NAME)";
				SWIFT_VERSION = 5.0;
				TARGETED_DEVICE_FAMILY = 1;
			};
			name = Release;
		};
/* End XCBuildConfiguration section */

/* Begin XCConfigurationList section */
		22B7397A252E43EE0005E88B /* Build configuration list for PBXProject "OnlyOfficeTest" */ = {
			isa = XCConfigurationList;
			buildConfigurations = (
				22B73991252E43F50005E88B /* Debug */,
				22B73992252E43F50005E88B /* Release */,
			);
			defaultConfigurationIsVisible = 0;
			defaultConfigurationName = Release;
		};
		22B73993252E43F50005E88B /* Build configuration list for PBXNativeTarget "OnlyOfficeTest" */ = {
			isa = XCConfigurationList;
			buildConfigurations = (
				22B73994252E43F50005E88B /* Debug */,
				22B73995252E43F50005E88B /* Release */,
			);
			defaultConfigurationIsVisible = 0;
			defaultConfigurationName = Release;
		};
/* End XCConfigurationList section */
	};
	rootObject = 22B73977252E43EE0005E88B /* Project object */;
}
